
Microsoft Visual Studio Solution File, Format Version 12.00
# Visual Studio Version 16
VisualStudioVersion = 16.0.32901.82
MinimumVisualStudioVersion = 10.0.40219.1
Project("{C9674DCB-5085-4A16-B785-4C70DD1589BD}") = "FioDio", "FioDio.dtproj", "{7FD8CF8B-3FBB-4837-BEE1-CDC806E99B3F}"
EndProject
Global
	GlobalSection(SolutionConfigurationPlatforms) = preSolution
		Development|Default = Development|Default
	EndGlobalSection
	GlobalSection(ProjectConfigurationPlatforms) = postSolution
		{7FD8CF8B-3FBB-4837-BEE1-CDC806E99B3F}.Development|Default.ActiveCfg = Development
		{7FD8CF8B-3FBB-4837-BEE1-CDC806E99B3F}.Development|Default.Build.0 = Development
	EndGlobalSection
	GlobalSection(SolutionProperties) = preSolution
		HideSolutionNode = FALSE
	EndGlobalSection
	GlobalSection(ExtensibilityGlobals) = postSolution
		SolutionGuid = {7F0C1748-E1A3-41FD-8FF4-76C3AD40846B}
	EndGlobalSection
EndGlobal
